
Microsoft Visual Studio Solution File, Format Version 12.00
# Visual Studio Version 16
VisualStudioVersion = 16.0.30320.27
MinimumVisualStudioVersion = 10.0.40219.1
Project("{FAE04EC0-301F-11D3-BF4B-00C04F79EFBC}") = "compiler-app", "compiler-app\compiler-app.csproj", "{313FB8D6-7709-40AD-8D40-F1393F3C958E}"
EndProject
Project("{2150E333-8FDC-42A3-9474-1A3956D46DE8}") = "Solution Items", "Solution Items", "{99796BA2-A9DA-4B00-B9F8-DD7BEB5929C2}"
EndProject
Global
	GlobalSection(SolutionConfigurationPlatforms) = preSolution
		Debug|Any CPU = Debug|Any CPU
		Release|Any CPU = Release|Any CPU
	EndGlobalSection
	GlobalSection(ProjectConfigurationPlatforms) = postSolution
		{313FB8D6-7709-40AD-8D40-F1393F3C958E}.Debug|Any CPU.ActiveCfg = Debug|Any CPU
		{313FB8D6-7709-40AD-8D40-F1393F3C958E}.Debug|Any CPU.Build.0 = Debug|Any CPU
		{313FB8D6-7709-40AD-8D40-F1393F3C958E}.Release|Any CPU.ActiveCfg = Release|Any CPU
		{313FB8D6-7709-40AD-8D40-F1393F3C958E}.Release|Any CPU.Build.0 = Release|Any CPU
	EndGlobalSection
	GlobalSection(SolutionProperties) = preSolution
		HideSolutionNode = FALSE
	EndGlobalSection
	GlobalSection(ExtensibilityGlobals) = postSolution
		SolutionGuid = {19CDC3DF-F43B-4442-A8DA-B67D9C648FE8}
	EndGlobalSection
EndGlobal
